{
  "name": "nodejs",
  "version": "1.0.1",
  "lockfileVersion": 1,
  "requires": true,
  "dependencies": {
    "@flatten-js/core": {
      "version": "1.2.15",
      "resolved": "https://registry.npmjs.org/@flatten-js/core/-/core-1.2.15.tgz",
      "integrity": "sha512-RkVLd+ZKlSkUYB6NOIG7MUoXTTfzfO0wrm4Hx9+TwRsXI667WIb9sRmbYuOVE1PI1nP/OFEEKebe4mrYoRpOWQ==",
      "requires": {
        "@flatten-js/interval-tree": "^1.0.11"
      }
    },
    "@flatten-js/interval-tree": {
      "version": "1.0.12",
      "resolved": "https://registry.npmjs.org/@flatten-js/interval-tree/-/interval-tree-1.0.12.tgz",
      "integrity": "sha512-j2o14WdFPII5cI57j0XNSWQm80gM4G6RT5+NLaH8q7KmQKejR/qZiGiViMjRgMtPiiwaX6hv3hlXeyRL3yzi7g=="
    },
    "@flatten-js/polygon-offset": {
      "version": "1.1.1",
      "resolved": "https://registry.npmjs.org/@flatten-js/polygon-offset/-/polygon-offset-1.1.1.tgz",
      "integrity": "sha512-io+KeBWEAvbOT/gkBy4zIsQOOaFK+d13/4NUaHE/7QgxCYfx7KSZLB2D62JISrg0h71ACcoGIl402uSyem+7gQ=="
    }
  }
}
